{
  "name": "auth0-server",
  "version": "1.0.0",
  "lockfileVersion": 2,
  "requires": true,
  "packages": {
    "": {
      "name": "auth0-server",
      "version": "1.0.0",
      "license": "ISC",
      "workspaces": [
        "packages/*"
      ],
      "engines": {
        "node": ">=18.3.0 <19",
        "npm": ">=9.4.1 <10"
      }
    },
    "node_modules/@a0/actions-schema": {
      "version": "2.40.0",
      "resolved": "https://jfrogio/a0us/api/npm/npm/@a0/actions-schema/-/@a0/actions-schema-2.40.0.tgz",
      "integrity": "sha512-QXl9baSL9dnEOvQlTl/JMso7jVfsmEqllX6IEdDzsK/hPawzyX/8PC2L8N5io5N8qWutTKaafaG2f9sORWS6nw==",
      "engines": {
        "node": ">=18"
      }
    },
    "node_modules/@a0/anomaly-detection-data": {
      "version": "10.12.0",
      "resolved": "https://jfrogio/a0us/api/npm/npm/@a0/anomaly-detection-data/-/@a0/anomaly-detection-data-10.12.0.tgz",
      "integrity": "sha512-fCMdXMX29W5rePpaWwcebaNiRbER5y4RJHjrDKH1jVzqV5LSjasuKc/U2Rzm5WlD6vo/wBBtSYl2itJK350SSg==",
      "dependencies": {
        "lodash": "^4.17.20"
      },
      "engines": {
        "node": "16.x.x || 18.x.x",
        "npm": "8.x.x || 9.x.x"
      },
      "peerDependencies": {
        "mongodb": "^3.5.9||^4.5.0"
      }
    },
    "node_modules/@a0/auth0-entity-cache": {
      "version": "1.15.2",
      "resolved": "https://jfrog.io/a0us/api/npm/npm/@a0/auth0-entity-cache/-/@a0/auth0-entity-cache-1.15.2.tgz",
      "integrity": "sha512-cV1epIh6BO797dtw48U55pPAiHGMhUMWcv1kcJlDOyDx74tThAn+0Ojhhh22hxzrNCBIbYg3uTyepRxE1EEl6g==",
      "dependencies": {
        "lodash": "^4.17.21"
      },
      "engines": {
        "node": ">=12"
      }
    },
    "node_modules/@a0/deprecations": {
      "version": "3.8.1",
      "resolved": "https://jfrogio/a0us/api/npm/npm/@a0/deprecations/-/@a0/deprecations-3.8.1.tgz",
      "integrity": "sha512-BUXwsvl1znXVJSsIQvB2mWOAMhgzEGDsYoLDxzwcgE4Ubn6fTe/Iyp5CgtgTVT5T8avwHMwrUrctj0/YSrsxPw==",
      "dependencies": {
        "lodash": "^4.17.15"
      }
    },
    "node_modules/@a0/deprecations/node_modules/check-types": {
      "version": "11.1.2",
      "resolved": "https://jfrogio/a0us/api/npm/npm/check-types/-/check-types-11.1.2.tgz",
      "integrity": "sha1-hqfBK/VTn2Mk6w5wyoiWwOOPPi8=",
      "license": "MIT"
    },
    "node_modules/@a0/entitlements-core": {
      "version": "1.18.1",
      "resolved": "https://jfrogio/a0us/api/npm/npm/@a0/entitlements-core/-/@a0/entitlements-core-1.18.1.tgz",
      "integrity": "sha512-BYoPxvnAPKU5BntkHkcJYpwtDro/+c4WyznOrqIFX+aL53TfjaLM+ceb7XixmNi9tgNs5nCzyv9pZRy/uESdeg==",
      "license": "UNLICENSED",
      "dependencies": {
        "lodash": "^4.17.21"
      },
      "engines": {
        "node": ">=14.0.0"
      }
    },
    "node_modules/@a0/entitlements-sdk": {
      "version": "2.2.0",
      "resolved": "https://jfrogio/a0us/api/npm/npm/@a0/entitlements-sdk/-/@a0/entitlements-sdk-2.2.0.tgz",
      "integrity": "sha512-MiJfrWLCxp9rM4uPVRpvDzQ+Yq9clq7hderXpj7OuGTke/NBHnVET41hPpl/ISY2JlslVmRFII/WR8bZmliIww==",
      "dependencies": {
        "lodash": "^4.17.21"
      },
      "engines": {
        "node": ">=10.0.0"
      }
    },
    "node_modules/@a0/events": {
      "version": "1.21.0",
      "resolved": "https://jfrogio/a0us/api/npm/npm/@a0/events/-/@a0/events-1.21.0.tgz",
      "integrity": "sha512-T15vLICHd7SqFPpzzu05ebtiEuMSClsAX0BFoM1okv1FLZpL/cXWDcdFUnXG0q27GWzdXIv9gJKkIN+BMtixyw==",
      "dependencies": {
        "lodash": "^4.17.10"
      }
    },
    "node_modules/@a0/events/node_modules/@a0/worker-lib": {
      "version": "17.0.2",
      "resolved": "https://jfrogio/a0us/api/npm/npm/@a0/worker-lib/-/@a0/worker-lib-17.0.2.tgz",
      "integrity": "sha512-diJTo9l7LIbRPk/gOZGhfnEnD9PiUnm3EmNKzal2viMTI6eQ0zOmNMb9vLjT7f30aASOB3KCdq7E7gybih97Vw==",
      "dependencies": {
        "lodash": "^4.17.12"
      },
      "engines": {
        "node": ">=16"
      }
    },
    "node_modules/@a0/extcall": {
      "version": "3.5.0",
      "resolved": "https://jfrogio/a0us/api/npm/npm/@a0/extcall/-/@a0/extcall-3.5.0.tgz",
      "integrity": "sha512-kHeiz3V3bx27fVRoyJJdE4tW/mEPOxewyuEijJWklY1y07D+gRHyGJVnIlYo11TAOk3T7QqK8y5o3/9w+GDSxg==",
      "license": "UNLICENSED",
      "dependencies": {
        "lodash": "^4.17.11"
      }
    },
    "node_modules/@a0/instrumentation": {
      "version": "4.9.50",
      "resolved": "https://jfrogio/a0us/api/npm/npm/@a0/instrumentation/-/@a0/instrumentation-4.9.50.tgz",
      "integrity": "sha512-Hh9ujIwzXWoW9FjHFhOIYmHiLwq5LbWY+jNEUoA/PwLz1wn/1L9nmki8bxTSLPelgOeFaeISfCCD9EabbKYR8A==",
      "dependencies": {
        "lodash.omit": "~4.5.0",
        "lodash.throttle": "~4.1.1"
      },
      "engines": {
        "node": ">=12"
      }
    },
    "node_modules/@a0/password-breach-detector/node_modules/async": {
      "version": "2.6.3",
      "resolved": "https://jfrogio/a0us/api/npm/npm/async/-/async-2.6.3.tgz",
      "integrity": "sha1-1yYl4jRKNlbjo61Pp0n6gymdgv8=",
      "license": "MIT",
      "dependencies": {
        "lodash": "^4.17.14"
      }
    },
    "node_modules/@a0/tenant-audit": {
      "version": "16.8.0",
      "resolved": "https://jfrogio/a0us/api/npm/npm/@a0/tenant-audit/-/@a0/tenant-audit-16.8.0.tgz",
      "integrity": "sha512-QQAfT5F8JmUIxbIAJcXUUw1P+Zx6R5xkgeHW65wFafApZB4ew+cphDEYlM54K5yv2rjsgo6AvmFofZLyRlhXzQ==",
      "dependencies": {
        "lodash": "^4.11.17"
      },
      "engines": {
        "node": ">= 16"
      },
      "peerDependencies": {
        "mongodb": "^4.5.0"
      }
    },
    "node_modules/@a0/tenant-audit/node_modules/@a0/worker-lib": {
      "version": "17.0.2",
      "resolved": "https://jfrogio/artifactory/api/npm/npm/@a0/worker-lib/-/@a0/worker-lib-17.0.2.tgz",
      "integrity": "sha512-diJTo9l7LIbRPk/gOZGhfnEnD9PiUnm3EmNKzal2viMTI6eQ0zOmNMb9vLjT7f30aASOB3KCdq7E7gybih97Vw==",
      "dependencies": {
        "lodash": "^4.17.12"
      },
      "engines": {
        "node": ">=16"
      },
      "optionalDependencies": {
        "@kafkajs/zstd": "^0.1.1"
      },
      "peerDependencies": {
        "mongodb": "^4.5.0"
      }
    },
    "node_modules/@opentelemetry/exporter-trace-otlp-proto/node_modules/@grpc/proto-loader": {
      "version": "0.6.13",
      "resolved": "https://jfrogio/a0us/api/npm/npm/@grpc/proto-loader/-/proto-loader-0.6.13.tgz",
      "integrity": "sha512-FjxPYDRTn6Ec3V0arm1FtSpmP6V50wuph2yILpyvTKzjc76oDdoihXqM1DzOW5ubvCC8GivfCnNtfaRE8myJ7g==",
      "license": "Apache-2.0",
      "dependencies": {
        "lodash.camelcase": "^4.3.0"
      },
      "bin": {
        "proto-loader-gen-types": "build/bin/proto-loader-gen-types.js"
      },
      "engines": {
        "node": ">=6"
      }
    },
    "node_modules/limitd-client": {
      "version": "2.14.0",
      "resolved": "https://jfrogio/a0us/api/npm/npm/limitd-client/-/limitd-client-2.14.0.tgz",
      "integrity": "sha1-HdqImgKyJdtO7ZGXNSfiClqo6dg=",
      "license": "MIT",
      "dependencies": {
        "lodash": "~3.7.0"
      }
    },
    "node_modules/limitd-client/node_modules/async": {
      "version": "2.6.3",
      "resolved": "https://jfrogio/a0us/api/npm/npm/async/-/async-2.6.3.tgz",
      "integrity": "sha1-1yYl4jRKNlbjo61Pp0n6gymdgv8=",
      "license": "MIT",
      "dependencies": {
        "lodash": "^4.17.14"
      }
    },
    "node_modules/limitd-client/node_modules/async/node_modules/lodash": {
      "version": "4.17.21",
      "resolved": "https://jfrogio/a0us/api/npm/npm/lodash/-/lodash-4.17.21.tgz",
      "integrity": "sha1-Z5WRxWTDv/quhFTPCz3zcMPWkRw=",
      "license": "MIT"
    },
    "node_modules/lodash": {
      "version": "4.17.21",
      "resolved": "https://jfrogio/a0us/api/npm/npm/lodash/-/lodash-4.17.21.tgz",
      "integrity": "sha512-v2kDEe57lecTulaDIuNTPy3Ry4gLGJ6Z1O3vE1krgXZNrsQ+LFTGHVxVjcXPs17LhbZVGedAJv8XZ1tvj5FvSg=="
    },
    "node_modules/lodash.camelcase": {
      "version": "4.3.0",
      "resolved": "https://jfrogio/a0us/api/npm/npm/lodash.camelcase/-/lodash.camelcase-4.3.0.tgz",
      "integrity": "sha512-TwuEnCnxbc3rAvhf/LbG7tJUDzhqXyFnv3dtzLOPgCG/hODL7WFnsbwktkD7yUV0RrreP/l1PALq/YSg6VvjlA==",
      "license": "MIT"
    },
    "node_modules/lodash.clonedeep": {
      "version": "4.5.0",
      "resolved": "https://jfrogio/a0us/api/npm/npm/lodash.clonedeep/-/lodash.clonedeep-4.5.0.tgz",
      "integrity": "sha1-4j8/nE+Pvd6HJSnBBxhXoIblzO8=",
      "license": "MIT"
    },
    "node_modules/lodash.defaults": {
      "version": "4.2.0",
      "resolved": "https://jfrogio/a0us/api/npm/npm/lodash.defaults/-/lodash.defaults-4.2.0.tgz",
      "integrity": "sha1-0JF4cW/+pN3p5ft7N/bwgCJ0WAw=",
      "license": "MIT"
    },
    "node_modules/lodash.flatten": {
      "version": "4.4.0",
      "resolved": "https://jfrogio/a0us/api/npm/npm/lodash.flatten/-/lodash.flatten-4.4.0.tgz",
      "integrity": "sha1-8xwiIlqWMtK7+OSt2+8kCqdlph8=",
      "license": "MIT"
    },
    "node_modules/lodash.flattendeep": {
      "version": "4.4.0",
      "resolved": "https://jfrogio/a0us/api/npm/npm/lodash.flattendeep/-/lodash.flattendeep-4.4.0.tgz",
      "integrity": "sha1-+wMJF/hqMTTlvJvsDWngAT3f7bI=",
      "devOptional": true,
      "license": "MIT"
    },
    "node_modules/lodash.get": {
      "version": "4.4.2",
      "resolved": "https://jfrogio/a0us/api/npm/npm/lodash.get/-/lodash.get-4.4.2.tgz",
      "integrity": "sha1-LRd/ZS+jHpObRDjVNBSZ36OCXpk=",
      "license": "MIT"
    },
    "node_modules/lodash.includes": {
      "version": "4.3.0",
      "resolved": "https://jfrogio/a0us/api/npm/npm/lodash.includes/-/lodash.includes-4.3.0.tgz",
      "integrity": "sha1-YLuYqHy5I8aMoeUTJUgzFISfVT8=",
      "license": "MIT"
    },
    "node_modules/lodash.isarguments": {
      "version": "3.1.0",
      "resolved": "https://jfrogio/a0us/api/npm/npm/lodash.isarguments/-/lodash.isarguments-3.1.0.tgz",
      "integrity": "sha1-L1c9hcaiQon/AGY7SRwdM4/zRYo=",
      "license": "MIT"
    },
    "node_modules/lodash.isboolean": {
      "version": "3.0.3",
      "resolved": "https://jfrogio/a0us/api/npm/npm/lodash.isboolean/-/lodash.isboolean-3.0.3.tgz",
      "integrity": "sha1-bC4XHbKiV82WgC/UOwGyDV9YcPY=",
      "license": "MIT"
    },
    "node_modules/lodash.isequal": {
      "version": "4.5.0",
      "resolved": "https://jfrogio/a0us/api/npm/npm/lodash.isequal/-/lodash.isequal-4.5.0.tgz",
      "integrity": "sha1-QVxEePK8wwEgwizhDtMib30+GOA=",
      "license": "MIT"
    },
    "node_modules/lodash.isinteger": {
      "version": "4.0.4",
      "resolved": "https://jfrogio/a0us/api/npm/npm/lodash.isinteger/-/lodash.isinteger-4.0.4.tgz",
      "integrity": "sha1-YZwK89A/iwTDH1iChAt3sRzWg0M=",
      "license": "MIT"
    },
    "node_modules/lodash.isnumber": {
      "version": "3.0.3",
      "resolved": "https://jfrogio/a0us/api/npm/npm/lodash.isnumber/-/lodash.isnumber-3.0.3.tgz",
      "integrity": "sha1-POdoEMWSjQM1IwGsKHMX8RwLH/w=",
      "license": "MIT"
    },
    "node_modules/lodash.isplainobject": {
      "version": "4.0.6",
      "resolved": "https://jfrogio/a0us/api/npm/npm/lodash.isplainobject/-/lodash.isplainobject-4.0.6.tgz",
      "integrity": "sha1-fFJqUtibRcRcxpC4gWO+BJf1UMs=",
      "license": "MIT"
    },
    "node_modules/lodash.isstring": {
      "version": "4.0.1",
      "resolved": "https://jfrogio/a0us/api/npm/npm/lodash.isstring/-/lodash.isstring-4.0.1.tgz",
      "integrity": "sha1-1SfftUVuynzJu5XV2ur4i6VKVFE=",
      "license": "MIT"
    },
    "node_modules/lodash.kebabcase": {
      "version": "4.1.1",
      "resolved": "https://jfrogio/a0us/api/npm/npm/lodash.kebabcase/-/lodash.kebabcase-4.1.1.tgz",
      "integrity": "sha512-N8XRTIMMqqDgSy4VLKPnJ/+hpGZN+PHQiJnSenYqPaVV/NCqEogTnAdZLQiGKhxX+JCs8waWq2t1XHWKOmlY8g=="
    },
    "node_modules/lodash.mapvalues": {
      "version": "4.6.0",
      "resolved": "https://jfrogio/a0us/api/npm/npm/lodash.mapvalues/-/lodash.mapvalues-4.6.0.tgz",
      "integrity": "sha1-G6+lAF3p3W9PJmaMMMo3IwzJaJw=",
      "dev": true,
      "license": "MIT"
    },
    "node_modules/lodash.memoize": {
      "version": "3.0.4",
      "resolved": "https://jfrogio/a0us/api/npm/npm/lodash.memoize/-/lodash.memoize-3.0.4.tgz",
      "integrity": "sha1-LcvSwofLwKVcxCMovQxzYVDVPj8=",
      "dev": true,
      "license": "MIT"
    },
    "node_modules/lodash.merge": {
      "version": "4.6.2",
      "resolved": "https://jfrogio/a0us/api/npm/npm/lodash.merge/-/lodash.merge-4.6.2.tgz",
      "integrity": "sha1-VYqlO0O2YeGSWgr9+japoQhf5Xo=",
      "license": "MIT"
    },
    "node_modules/lodash.omit": {
      "version": "4.5.0",
      "resolved": "https://jfrogio/a0us/api/npm/npm/lodash.omit/-/lodash.omit-4.5.0.tgz",
      "integrity": "sha1-brGa5aHuHdnfC5aeZs4Lf6MLXmA=",
      "license": "MIT"
    },
    "node_modules/lodash.once": {
      "version": "4.1.1",
      "resolved": "https://jfrogio/a0us/api/npm/npm/lodash.once/-/lodash.once-4.1.1.tgz",
      "integrity": "sha1-DdOXEhPHxW34gJd9UEyI+0cal6w=",
      "license": "MIT"
    },
    "node_modules/lodash.pick": {
      "version": "4.4.0",
      "resolved": "https://jfrogio/a0us/api/npm/npm/lodash.pick/-/lodash.pick-4.4.0.tgz",
      "integrity": "sha512-hXt6Ul/5yWjfklSGvLQl8vM//l3FtyHZeuelpzK6mm99pNvN9yTDruNZPEJZD1oWrqo+izBmB7oUfWgcCX7s4Q=="
    },
    "node_modules/lodash.set": {
      "version": "4.3.2",
      "resolved": "https://jfrogio/a0us/api/npm/npm/lodash.set/-/lodash.set-4.3.2.tgz",
      "integrity": "sha1-2HV7HagH3eJIFrDWqEvqGnYjCyM=",
      "dev": true,
      "license": "MIT"
    },
    "node_modules/lodash.sortby": {
      "version": "4.7.0",
      "resolved": "https://jfrogio/a0us/api/npm/npm/lodash.sortby/-/lodash.sortby-4.7.0.tgz",
      "integrity": "sha1-7dFMgk4sycHgsKG0K7UhBRakJDg=",
      "license": "MIT"
    },
    "node_modules/lodash.throttle": {
      "version": "4.1.1",
      "resolved": "https://jfrogio/a0us/api/npm/npm/lodash.throttle/-/lodash.throttle-4.1.1.tgz",
      "integrity": "sha1-wj6RtxAkKscMN/HhzaknTMOb8vQ=",
      "license": "MIT"
    },
    "node_modules/lodash.uniq": {
      "version": "4.5.0",
      "resolved": "https://jfrogio/a0us/api/npm/npm/lodash.uniq/-/lodash.uniq-4.5.0.tgz",
      "integrity": "sha512-xfBaXQd9ryd9dlSDvnvI0lvxfLJlYAZzXomUYzLKtUeOQvOP5piqAWuGtrhWeqaXK9hhoM/iyJc5AV+XfsX3HQ=="
    },
      "resolved": "https://jfrogio/a0us/api/npm/npm/glob/-/glob-7.1.3.tgz",
      "integrity": "sha512-vcfuiIxogLV4DlGBHIUOwI0IbrJ8HWPc4MU7HzviGeNho/UJDfi6B5p3sHeWIQ0KGIU0Jpxi5ZHxemQfLkkAwQ==",
      "dev": true,
      "license": "ISC",
      "dependencies": {
        "fs.realpath": "^1.0.0",
        "inflight": "^1.0.4",
        "inherits": "2",
        "minimatch": "^3.0.4",
        "once": "^1.3.0",
        "path-is-absolute": "^1.0.0"
      },
      "engines": {
        "node": "*"
      }
    }
  }
